// !$*UTF8*$!
{
	archiveVersion = 1;
	classes = {
	};
	objectVersion = 56;
	objects = {

/* Begin PBXBuildFile section */
		1615E8292A66BA39008C2BE1 /* SirenClientApp.swift in Sources */ = {isa = PBXBuildFile; fileRef = 1615E8282A66BA39008C2BE1 /* SirenClientApp.swift */; };
		1615E82B2A66BA39008C2BE1 /* ContentView.swift in Sources */ = {isa = PBXBuildFile; fileRef = 1615E82A2A66BA39008C2BE1 /* ContentView.swift */; };
		1615E82D2A66BA3A008C2BE1 /* Assets.xcassets in Resources */ = {isa = PBXBuildFile; fileRef = 1615E82C2A66BA3A008C2BE1 /* Assets.xcassets */; };
		1615E85B2A67488F008C2BE1 /* SearchMatch.swift in Sources */ = {isa = PBXBuildFile; fileRef = 1615E85A2A67488F008C2BE1 /* SearchMatch.swift */; };
		1615E8612A674B39008C2BE1 /* HomeView.swift in Sources */ = {isa = PBXBuildFile; fileRef = 1615E8602A674B39008C2BE1 /* HomeView.swift */; };
		1615E8632A674BAF008C2BE1 /* SearchMatchView.swift in Sources */ = {isa = PBXBuildFile; fileRef = 1615E8622A674BAF008C2BE1 /* SearchMatchView.swift */; };
		1615E8652A67EC59008C2BE1 /* AudioCaptureViewModel.swift in Sources */ = {isa = PBXBuildFile; fileRef = 1615E8642A67EC59008C2BE1 /* AudioCaptureViewModel.swift */; };
		1615E8692A67F3AC008C2BE1 /* SearchMatchViewModel.swift in Sources */ = {isa = PBXBuildFile; fileRef = 1615E8682A67F3AC008C2BE1 /* SearchMatchViewModel.swift */; };
		1615E86D2A687CAA008C2BE1 /* NetworkManager.swift in Sources */ = {isa = PBXBuildFile; fileRef = 1615E86C2A687CAA008C2BE1 /* NetworkManager.swift */; };
		1615E8702A68A228008C2BE1 /* LoadingAnimationView.swift in Sources */ = {isa = PBXBuildFile; fileRef = 1615E86F2A68A228008C2BE1 /* LoadingAnimationView.swift */; };
		1615E8722A68A6DC008C2BE1 /* SirenCoreResponse.swift in Sources */ = {isa = PBXBuildFile; fileRef = 1615E8712A68A6DC008C2BE1 /* SirenCoreResponse.swift */; };
		1615E8742A68B212008C2BE1 /* JsonDecoder.swift in Sources */ = {isa = PBXBuildFile; fileRef = 1615E8732A68B211008C2BE1 /* JsonDecoder.swift */; };
		1615E87A2A68D09C008C2BE1 /* FailureView.swift in Sources */ = {isa = PBXBuildFile; fileRef = 1615E8792A68D09C008C2BE1 /* FailureView.swift */; };
		1615E87C2A68D0B0008C2BE1 /* MatchView.swift in Sources */ = {isa = PBXBuildFile; fileRef = 1615E87B2A68D0B0008C2BE1 /* MatchView.swift */; };
		1615E8812A69043D008C2BE1 /* SharedEngine.swift in Sources */ = {isa = PBXBuildFile; fileRef = 1615E8802A69043D008C2BE1 /* SharedEngine.swift */; };
		168706732A6AF38F00E39E71 /* siren_package in Frameworks */ = {isa = PBXBuildFile; productRef = 168706722A6AF38F00E39E71 /* siren_package */; };
		16D9E2072A6B2F5B00F35772 /* RemoteArtwork.swift in Sources */ = {isa = PBXBuildFile; fileRef = 16D9E2062A6B2F5B00F35772 /* RemoteArtwork.swift */; };
		16D9E20C2A6B5F8900F35772 /* ProgressBarView.swift in Sources */ = {isa = PBXBuildFile; fileRef = 16D9E20B2A6B5F8900F35772 /* ProgressBarView.swift */; };
		16D9E20E2A6D5E1700F35772 /* SError.swift in Sources */ = {isa = PBXBuildFile; fileRef = 16D9E20D2A6D5E1700F35772 /* SError.swift */; };
		16D9E2102A6DCA0900F35772 /* Preview Content in Resources */ = {isa = PBXBuildFile; fileRef = 16D9E20F2A6DCA0900F35772 /* Preview Content */; };
		16D9E2132A6DDA7F00F35772 /* Logger.swift in Sources */ = {isa = PBXBuildFile; fileRef = 16D9E2122A6DDA7F00F35772 /* Logger.swift */; };
/* End PBXBuildFile section */

/* Begin PBXContainerItemProxy section */
		1615E8362A66BA3A008C2BE1 /* PBXContainerItemProxy */ = {
			isa = PBXContainerItemProxy;
			containerPortal = 1615E81D2A66BA39008C2BE1 /* Project object */;
			proxyType = 1;
			remoteGlobalIDString = 1615E8242A66BA39008C2BE1;
			remoteInfo = SirenClient;
		};
		1615E8402A66BA3A008C2BE1 /* PBXContainerItemProxy */ = {
			isa = PBXContainerItemProxy;
			containerPortal = 1615E81D2A66BA39008C2BE1 /* Project object */;
			proxyType = 1;
			remoteGlobalIDString = 1615E8242A66BA39008C2BE1;
			remoteInfo = SirenClient;
		};
/* End PBXContainerItemProxy section */

/* Begin PBXFileReference section */
		1615E8252A66BA39008C2BE1 /* SirenClient.app */ = {isa = PBXFileReference; explicitFileType = wrapper.application; includeInIndex = 0; path = SirenClient.app; sourceTree = BUILT_PRODUCTS_DIR; };
		1615E8282A66BA39008C2BE1 /* SirenClientApp.swift */ = {isa = PBXFileReference; lastKnownFileType = sourcecode.swift; path = SirenClientApp.swift; sourceTree = "<group>"; };
		1615E82A2A66BA39008C2BE1 /* ContentView.swift */ = {isa = PBXFileReference; lastKnownFileType = sourcecode.swift; path = ContentView.swift; sourceTree = "<group>"; };
		1615E82C2A66BA3A008C2BE1 /* Assets.xcassets */ = {isa = PBXFileReference; lastKnownFileType = folder.assetcatalog; path = Assets.xcassets; sourceTree = "<group>"; };
		1615E8352A66BA3A008C2BE1 /* SirenClientTests.xctest */ = {isa = PBXFileReference; explicitFileType = wrapper.cfbundle; includeInIndex = 0; path = SirenClientTests.xctest; sourceTree = BUILT_PRODUCTS_DIR; };
		1615E83F2A66BA3A008C2BE1 /* SirenClientUITests.xctest */ = {isa = PBXFileReference; explicitFileType = wrapper.cfbundle; includeInIndex = 0; path = SirenClientUITests.xctest; sourceTree = BUILT_PRODUCTS_DIR; };
		1615E85A2A67488F008C2BE1 /* SearchMatch.swift */ = {isa = PBXFileReference; lastKnownFileType = sourcecode.swift; path = SearchMatch.swift; sourceTree = "<group>"; };
		1615E8602A674B39008C2BE1 /* HomeView.swift */ = {isa = PBXFileReference; lastKnownFileType = sourcecode.swift; path = HomeView.swift; sourceTree = "<group>"; };
		1615E8622A674BAF008C2BE1 /* SearchMatchView.swift */ = {isa = PBXFileReference; lastKnownFileType = sourcecode.swift; path = SearchMatchView.swift; sourceTree = "<group>"; };
		1615E8642A67EC59008C2BE1 /* AudioCaptureViewModel.swift */ = {isa = PBXFileReference; lastKnownFileType = sourcecode.swift; path = AudioCaptureViewModel.swift; sourceTree = "<group>"; };
		1615E8682A67F3AC008C2BE1 /* SearchMatchViewModel.swift */ = {isa = PBXFileReference; lastKnownFileType = sourcecode.swift; path = SearchMatchViewModel.swift; sourceTree = "<group>"; };
		1615E86C2A687CAA008C2BE1 /* NetworkManager.swift */ = {isa = PBXFileReference; lastKnownFileType = sourcecode.swift; path = NetworkManager.swift; sourceTree = "<group>"; };
		1615E86F2A68A228008C2BE1 /* LoadingAnimationView.swift */ = {isa = PBXFileReference; lastKnownFileType = sourcecode.swift; path = LoadingAnimationView.swift; sourceTree = "<group>"; };
		1615E8712A68A6DC008C2BE1 /* SirenCoreResponse.swift */ = {isa = PBXFileReference; lastKnownFileType = sourcecode.swift; path = SirenCoreResponse.swift; sourceTree = "<group>"; };
		1615E8732A68B211008C2BE1 /* JsonDecoder.swift */ = {isa = PBXFileReference; lastKnownFileType = sourcecode.swift; path = JsonDecoder.swift; sourceTree = "<group>"; };
		1615E8792A68D09C008C2BE1 /* FailureView.swift */ = {isa = PBXFileReference; lastKnownFileType = sourcecode.swift; path = FailureView.swift; sourceTree = "<group>"; };
		1615E87B2A68D0B0008C2BE1 /* MatchView.swift */ = {isa = PBXFileReference; lastKnownFileType = sourcecode.swift; path = MatchView.swift; sourceTree = "<group>"; };
		1615E8802A69043D008C2BE1 /* SharedEngine.swift */ = {isa = PBXFileReference; lastKnownFileType = sourcecode.swift; path = SharedEngine.swift; sourceTree = "<group>"; };
		16D9E2062A6B2F5B00F35772 /* RemoteArtwork.swift */ = {isa = PBXFileReference; lastKnownFileType = sourcecode.swift; path = RemoteArtwork.swift; sourceTree = "<group>"; };
		16D9E20B2A6B5F8900F35772 /* ProgressBarView.swift */ = {isa = PBXFileReference; lastKnownFileType = sourcecode.swift; path = ProgressBarView.swift; sourceTree = "<group>"; };
		16D9E20D2A6D5E1700F35772 /* SError.swift */ = {isa = PBXFileReference; lastKnownFileType = sourcecode.swift; path = SError.swift; sourceTree = "<group>"; };
		16D9E20F2A6DCA0900F35772 /* Preview Content */ = {isa = PBXFileReference; lastKnownFileType = folder; path = "Preview Content"; sourceTree = "<group>"; };
		16D9E2122A6DDA7F00F35772 /* Logger.swift */ = {isa = PBXFileReference; lastKnownFileType = sourcecode.swift; path = Logger.swift; sourceTree = "<group>"; };
/* End PBXFileReference section */

/* Begin PBXFrameworksBuildPhase section */
		1615E8222A66BA39008C2BE1 /* Frameworks */ = {
			isa = PBXFrameworksBuildPhase;
			buildActionMask = 2147483647;
			files = (
				168706732A6AF38F00E39E71 /* siren_package in Frameworks */,
			);
			runOnlyForDeploymentPostprocessing = 0;
		};
		1615E8322A66BA3A008C2BE1 /* Frameworks */ = {
			isa = PBXFrameworksBuildPhase;
			buildActionMask = 2147483647;
			files = (
			);
			runOnlyForDeploymentPostprocessing = 0;
		};
		1615E83C2A66BA3A008C2BE1 /* Frameworks */ = {
			isa = PBXFrameworksBuildPhase;
			buildActionMask = 2147483647;
			files = (
			);
			runOnlyForDeploymentPostprocessing = 0;
		};
/* End PBXFrameworksBuildPhase section */

/* Begin PBXGroup section */
		1615E81C2A66BA39008C2BE1 = {
			isa = PBXGroup;
			children = (
				1615E8272A66BA39008C2BE1 /* SirenClient */,
				1615E8262A66BA39008C2BE1 /* Products */,
			);
			sourceTree = "<group>";
		};
		1615E8262A66BA39008C2BE1 /* Products */ = {
			isa = PBXGroup;
			children = (
				1615E8252A66BA39008C2BE1 /* SirenClient.app */,
				1615E8352A66BA3A008C2BE1 /* SirenClientTests.xctest */,
				1615E83F2A66BA3A008C2BE1 /* SirenClientUITests.xctest */,
			);
			name = Products;
			sourceTree = "<group>";
		};
		1615E8272A66BA39008C2BE1 /* SirenClient */ = {
			isa = PBXGroup;
			children = (
				1615E8592A66C133008C2BE1 /* Models */,
				1615E8582A66C11E008C2BE1 /* Utilities */,
				1615E8572A66C116008C2BE1 /* Views */,
				1615E8282A66BA39008C2BE1 /* SirenClientApp.swift */,
				16D9E20F2A6DCA0900F35772 /* Preview Content */,
				1615E82C2A66BA3A008C2BE1 /* Assets.xcassets */,
			);
			path = SirenClient;
			sourceTree = "<group>";
		};
		1615E8572A66C116008C2BE1 /* Views */ = {
			isa = PBXGroup;
			children = (
				16D9E2082A6B5F3D00F35772 /* ProgressBar */,
				1615E87E2A68D0D5008C2BE1 /* Match */,
				1615E87D2A68D0BF008C2BE1 /* Failure */,
				1615E86E2A687D01008C2BE1 /* Home */,
				1615E86B2A67F3D6008C2BE1 /* AudioCapture */,
				1615E86A2A67F3C2008C2BE1 /* SearchMatch */,
				1615E82A2A66BA39008C2BE1 /* ContentView.swift */,
			);
			path = Views;
			sourceTree = "<group>";
		};
		1615E8582A66C11E008C2BE1 /* Utilities */ = {
			isa = PBXGroup;
			children = (
				1615E86C2A687CAA008C2BE1 /* NetworkManager.swift */,
				1615E8732A68B211008C2BE1 /* JsonDecoder.swift */,
				1615E8802A69043D008C2BE1 /* SharedEngine.swift */,
				16D9E2062A6B2F5B00F35772 /* RemoteArtwork.swift */,
				16D9E20D2A6D5E1700F35772 /* SError.swift */,
				16D9E2122A6DDA7F00F35772 /* Logger.swift */,
			);
			path = Utilities;
			sourceTree = "<group>";
		};
		1615E8592A66C133008C2BE1 /* Models */ = {
			isa = PBXGroup;
			children = (
				1615E85A2A67488F008C2BE1 /* SearchMatch.swift */,
				1615E8712A68A6DC008C2BE1 /* SirenCoreResponse.swift */,
			);
			path = Models;
			sourceTree = "<group>";
		};
		1615E86A2A67F3C2008C2BE1 /* SearchMatch */ = {
			isa = PBXGroup;
			children = (
				1615E8622A674BAF008C2BE1 /* SearchMatchView.swift */,
				1615E8682A67F3AC008C2BE1 /* SearchMatchViewModel.swift */,
				1615E86F2A68A228008C2BE1 /* LoadingAnimationView.swift */,
			);
			path = SearchMatch;
			sourceTree = "<group>";
		};
		1615E86B2A67F3D6008C2BE1 /* AudioCapture */ = {
			isa = PBXGroup;
			children = (
				1615E8642A67EC59008C2BE1 /* AudioCaptureViewModel.swift */,
			);
			path = AudioCapture;
			sourceTree = "<group>";
		};
		1615E86E2A687D01008C2BE1 /* Home */ = {
			isa = PBXGroup;
			children = (
				1615E8602A674B39008C2BE1 /* HomeView.swift */,
			);
			path = Home;
			sourceTree = "<group>";
		};
		1615E87D2A68D0BF008C2BE1 /* Failure */ = {
			isa = PBXGroup;
			children = (
				1615E8792A68D09C008C2BE1 /* FailureView.swift */,
			);
			path = Failure;
			sourceTree = "<group>";
		};
		1615E87E2A68D0D5008C2BE1 /* Match */ = {
			isa = PBXGroup;
			children = (
				1615E87B2A68D0B0008C2BE1 /* MatchView.swift */,
			);
			path = Match;
			sourceTree = "<group>";
		};
		16D9E2082A6B5F3D00F35772 /* ProgressBar */ = {
			isa = PBXGroup;
			children = (
				16D9E20B2A6B5F8900F35772 /* ProgressBarView.swift */,
			);
			path = ProgressBar;
			sourceTree = "<group>";
		};
/* End PBXGroup section */

/* Begin PBXNativeTarget section */
		1615E8242A66BA39008C2BE1 /* SirenClient */ = {
			isa = PBXNativeTarget;
			buildConfigurationList = 1615E8492A66BA3A008C2BE1 /* Build configuration list for PBXNativeTarget "SirenClient" */;
			buildPhases = (
				1615E8212A66BA39008C2BE1 /* Sources */,
				1615E8222A66BA39008C2BE1 /* Frameworks */,
				1615E8232A66BA39008C2BE1 /* Resources */,
			);
			buildRules = (
			);
			dependencies = (
			);
			name = SirenClient;
			packageProductDependencies = (
				168706722A6AF38F00E39E71 /* siren_package */,
			);
			productName = SirenClient;
			productReference = 1615E8252A66BA39008C2BE1 /* SirenClient.app */;
			productType = "com.apple.product-type.application";
		};
		1615E8342A66BA3A008C2BE1 /* SirenClientTests */ = {
			isa = PBXNativeTarget;
			buildConfigurationList = 1615E84C2A66BA3A008C2BE1 /* Build configuration list for PBXNativeTarget "SirenClientTests" */;
			buildPhases = (
				1615E8312A66BA3A008C2BE1 /* Sources */,
				1615E8322A66BA3A008C2BE1 /* Frameworks */,
				1615E8332A66BA3A008C2BE1 /* Resources */,
			);
			buildRules = (
			);
			dependencies = (
				1615E8372A66BA3A008C2BE1 /* PBXTargetDependency */,
			);
			name = SirenClientTests;
			productName = SirenClientTests;
			productReference = 1615E8352A66BA3A008C2BE1 /* SirenClientTests.xctest */;
			productType = "com.apple.product-type.bundle.unit-test";
		};
		1615E83E2A66BA3A008C2BE1 /* SirenClientUITests */ = {
			isa = PBXNativeTarget;
			buildConfigurationList = 1615E84F2A66BA3A008C2BE1 /* Build configuration list for PBXNativeTarget "SirenClientUITests" */;
			buildPhases = (
				1615E83B2A66BA3A008C2BE1 /* Sources */,
				1615E83C2A66BA3A008C2BE1 /* Frameworks */,
				1615E83D2A66BA3A008C2BE1 /* Resources */,
			);
			buildRules = (
			);
			dependencies = (
				1615E8412A66BA3A008C2BE1 /* PBXTargetDependency */,
			);
			name = SirenClientUITests;
			productName = SirenClientUITests;
			productReference = 1615E83F2A66BA3A008C2BE1 /* SirenClientUITests.xctest */;
			productType = "com.apple.product-type.bundle.ui-testing";
		};
/* End PBXNativeTarget section */

/* Begin PBXProject section */
		1615E81D2A66BA39008C2BE1 /* Project object */ = {
			isa = PBXProject;
			attributes = {
				BuildIndependentTargetsInParallel = 1;
				LastSwiftUpdateCheck = 1420;
				LastUpgradeCheck = 1420;
				TargetAttributes = {
					1615E8242A66BA39008C2BE1 = {
						CreatedOnToolsVersion = 14.2;
					};
					1615E8342A66BA3A008C2BE1 = {
						CreatedOnToolsVersion = 14.2;
						TestTargetID = 1615E8242A66BA39008C2BE1;
					};
					1615E83E2A66BA3A008C2BE1 = {
						CreatedOnToolsVersion = 14.2;
						TestTargetID = 1615E8242A66BA39008C2BE1;
					};
				};
			};
			buildConfigurationList = 1615E8202A66BA39008C2BE1 /* Build configuration list for PBXProject "SirenClient" */;
			compatibilityVersion = "Xcode 14.0";
			developmentRegion = en;
			hasScannedForEncodings = 0;
			knownRegions = (
				en,
				Base,
			);
			mainGroup = 1615E81C2A66BA39008C2BE1;
			packageReferences = (
				168706712A6AF38F00E39E71 /* XCRemoteSwiftPackageReference "siren_package" */,
			);
			productRefGroup = 1615E8262A66BA39008C2BE1 /* Products */;
			projectDirPath = "";
			projectRoot = "";
			targets = (
				1615E8242A66BA39008C2BE1 /* SirenClient */,
				1615E8342A66BA3A008C2BE1 /* SirenClientTests */,
				1615E83E2A66BA3A008C2BE1 /* SirenClientUITests */,
			);
		};
/* End PBXProject section */

/* Begin PBXResourcesBuildPhase section */
		1615E8232A66BA39008C2BE1 /* Resources */ = {
			isa = PBXResourcesBuildPhase;
			buildActionMask = 2147483647;
			files = (
				16D9E2102A6DCA0900F35772 /* Preview Content in Resources */,
				1615E82D2A66BA3A008C2BE1 /* Assets.xcassets in Resources */,
			);
			runOnlyForDeploymentPostprocessing = 0;
		};
		1615E8332A66BA3A008C2BE1 /* Resources */ = {
			isa = PBXResourcesBuildPhase;
			buildActionMask = 2147483647;
			files = (
			);
			runOnlyForDeploymentPostprocessing = 0;
		};
		1615E83D2A66BA3A008C2BE1 /* Resources */ = {
			isa = PBXResourcesBuildPhase;
			buildActionMask = 2147483647;
			files = (
			);
			runOnlyForDeploymentPostprocessing = 0;
		};
/* End PBXResourcesBuildPhase section */

/* Begin PBXSourcesBuildPhase section */
		1615E8212A66BA39008C2BE1 /* Sources */ = {
			isa = PBXSourcesBuildPhase;
			buildActionMask = 2147483647;
			files = (
				1615E8812A69043D008C2BE1 /* SharedEngine.swift in Sources */,
				1615E8702A68A228008C2BE1 /* LoadingAnimationView.swift in Sources */,
				1615E87A2A68D09C008C2BE1 /* FailureView.swift in Sources */,
				1615E87C2A68D0B0008C2BE1 /* MatchView.swift in Sources */,
				1615E86D2A687CAA008C2BE1 /* NetworkManager.swift in Sources */,
				1615E82B2A66BA39008C2BE1 /* ContentView.swift in Sources */,
				1615E8632A674BAF008C2BE1 /* SearchMatchView.swift in Sources */,
				16D9E20E2A6D5E1700F35772 /* SError.swift in Sources */,
				1615E8742A68B212008C2BE1 /* JsonDecoder.swift in Sources */,
				1615E8612A674B39008C2BE1 /* HomeView.swift in Sources */,
				1615E85B2A67488F008C2BE1 /* SearchMatch.swift in Sources */,
				16D9E2072A6B2F5B00F35772 /* RemoteArtwork.swift in Sources */,
				1615E8692A67F3AC008C2BE1 /* SearchMatchViewModel.swift in Sources */,
				16D9E2132A6DDA7F00F35772 /* Logger.swift in Sources */,
				16D9E20C2A6B5F8900F35772 /* ProgressBarView.swift in Sources */,
				1615E8722A68A6DC008C2BE1 /* SirenCoreResponse.swift in Sources */,
				1615E8652A67EC59008C2BE1 /* AudioCaptureViewModel.swift in Sources */,
				1615E8292A66BA39008C2BE1 /* SirenClientApp.swift in Sources */,
			);
			runOnlyForDeploymentPostprocessing = 0;
		};
		1615E8312A66BA3A008C2BE1 /* Sources */ = {
			isa = PBXSourcesBuildPhase;
			buildActionMask = 2147483647;
			files = (
			);
			runOnlyForDeploymentPostprocessing = 0;
		};
		1615E83B2A66BA3A008C2BE1 /* Sources */ = {
			isa = PBXSourcesBuildPhase;
			buildActionMask = 2147483647;
			files = (
			);
			runOnlyForDeploymentPostprocessing = 0;
		};
/* End PBXSourcesBuildPhase section */

/* Begin PBXTargetDependency section */
		1615E8372A66BA3A008C2BE1 /* PBXTargetDependency */ = {
			isa = PBXTargetDependency;
			target = 1615E8242A66BA39008C2BE1 /* SirenClient */;
			targetProxy = 1615E8362A66BA3A008C2BE1 /* PBXContainerItemProxy */;
		};
		1615E8412A66BA3A008C2BE1 /* PBXTargetDependency */ = {
			isa = PBXTargetDependency;
			target = 1615E8242A66BA39008C2BE1 /* SirenClient */;
			targetProxy = 1615E8402A66BA3A008C2BE1 /* PBXContainerItemProxy */;
		};
/* End PBXTargetDependency section */

/* Begin XCBuildConfiguration section */
		1615E8472A66BA3A008C2BE1 /* Debug */ = {
			isa = XCBuildConfiguration;
			buildSettings = {
				ALWAYS_SEARCH_USER_PATHS = NO;
				CLANG_ANALYZER_NONNULL = YES;
				CLANG_ANALYZER_NUMBER_OBJECT_CONVERSION = YES_AGGRESSIVE;
				CLANG_CXX_LANGUAGE_STANDARD = "gnu++20";
				CLANG_ENABLE_MODULES = YES;
				CLANG_ENABLE_OBJC_ARC = YES;
				CLANG_ENABLE_OBJC_WEAK = YES;
				CLANG_WARN_BLOCK_CAPTURE_AUTORELEASING = YES;
				CLANG_WARN_BOOL_CONVERSION = YES;
				CLANG_WARN_COMMA = YES;
				CLANG_WARN_CONSTANT_CONVERSION = YES;
				CLANG_WARN_DEPRECATED_OBJC_IMPLEMENTATIONS = YES;
				CLANG_WARN_DIRECT_OBJC_ISA_USAGE = YES_ERROR;
				CLANG_WARN_DOCUMENTATION_COMMENTS = YES;
				CLANG_WARN_EMPTY_BODY = YES;
				CLANG_WARN_ENUM_CONVERSION = YES;
				CLANG_WARN_INFINITE_RECURSION = YES;
				CLANG_WARN_INT_CONVERSION = YES;
				CLANG_WARN_NON_LITERAL_NULL_CONVERSION = YES;
				CLANG_WARN_OBJC_IMPLICIT_RETAIN_SELF = YES;
				CLANG_WARN_OBJC_LITERAL_CONVERSION = YES;
				CLANG_WARN_OBJC_ROOT_CLASS = YES_ERROR;
				CLANG_WARN_QUOTED_INCLUDE_IN_FRAMEWORK_HEADER = YES;
				CLANG_WARN_RANGE_LOOP_ANALYSIS = YES;
				CLANG_WARN_STRICT_PROTOTYPES = YES;
				CLANG_WARN_SUSPICIOUS_MOVE = YES;
				CLANG_WARN_UNGUARDED_AVAILABILITY = YES_AGGRESSIVE;
				CLANG_WARN_UNREACHABLE_CODE = YES;
				CLANG_WARN__DUPLICATE_METHOD_MATCH = YES;
				COPY_PHASE_STRIP = NO;
				DEBUG_INFORMATION_FORMAT = dwarf;
				ENABLE_STRICT_OBJC_MSGSEND = YES;
				ENABLE_TESTABILITY = YES;
				GCC_C_LANGUAGE_STANDARD = gnu11;
				GCC_DYNAMIC_NO_PIC = NO;
				GCC_NO_COMMON_BLOCKS = YES;
				GCC_OPTIMIZATION_LEVEL = 0;
				GCC_PREPROCESSOR_DEFINITIONS = (
					"DEBUG=1",
					"$(inherited)",
				);
				GCC_WARN_64_TO_32_BIT_CONVERSION = YES;
				GCC_WARN_ABOUT_RETURN_TYPE = YES_ERROR;
				GCC_WARN_UNDECLARED_SELECTOR = YES;
				GCC_WARN_UNINITIALIZED_AUTOS = YES_AGGRESSIVE;
				GCC_WARN_UNUSED_FUNCTION = YES;
				GCC_WARN_UNUSED_VARIABLE = YES;
				IPHONEOS_DEPLOYMENT_TARGET = 16.2;
				MTL_ENABLE_DEBUG_INFO = INCLUDE_SOURCE;
				MTL_FAST_MATH = YES;
				ONLY_ACTIVE_ARCH = YES;
				SDKROOT = iphoneos;
				SWIFT_ACTIVE_COMPILATION_CONDITIONS = DEBUG;
				SWIFT_OPTIMIZATION_LEVEL = "-Onone";
			};
			name = Debug;
		};
		1615E8482A66BA3A008C2BE1 /* Release */ = {
			isa = XCBuildConfiguration;
			buildSettings = {
				ALWAYS_SEARCH_USER_PATHS = NO;
				CLANG_ANALYZER_NONNULL = YES;
				CLANG_ANALYZER_NUMBER_OBJECT_CONVERSION = YES_AGGRESSIVE;
				CLANG_CXX_LANGUAGE_STANDARD = "gnu++20";
				CLANG_ENABLE_MODULES = YES;
				CLANG_ENABLE_OBJC_ARC = YES;
				CLANG_ENABLE_OBJC_WEAK = YES;
				CLANG_WARN_BLOCK_CAPTURE_AUTORELEASING = YES;
				CLANG_WARN_BOOL_CONVERSION = YES;
				CLANG_WARN_COMMA = YES;
				CLANG_WARN_CONSTANT_CONVERSION = YES;
				CLANG_WARN_DEPRECATED_OBJC_IMPLEMENTATIONS = YES;
				CLANG_WARN_DIRECT_OBJC_ISA_USAGE = YES_ERROR;
				CLANG_WARN_DOCUMENTATION_COMMENTS = YES;
				CLANG_WARN_EMPTY_BODY = YES;
				CLANG_WARN_ENUM_CONVERSION = YES;
				CLANG_WARN_INFINITE_RECURSION = YES;
				CLANG_WARN_INT_CONVERSION = YES;
				CLANG_WARN_NON_LITERAL_NULL_CONVERSION = YES;
				CLANG_WARN_OBJC_IMPLICIT_RETAIN_SELF = YES;
				CLANG_WARN_OBJC_LITERAL_CONVERSION = YES;
				CLANG_WARN_OBJC_ROOT_CLASS = YES_ERROR;
				CLANG_WARN_QUOTED_INCLUDE_IN_FRAMEWORK_HEADER = YES;
				CLANG_WARN_RANGE_LOOP_ANALYSIS = YES;
				CLANG_WARN_STRICT_PROTOTYPES = YES;
				CLANG_WARN_SUSPICIOUS_MOVE = YES;
				CLANG_WARN_UNGUARDED_AVAILABILITY = YES_AGGRESSIVE;
				CLANG_WARN_UNREACHABLE_CODE = YES;
				CLANG_WARN__DUPLICATE_METHOD_MATCH = YES;
				COPY_PHASE_STRIP = NO;
				DEBUG_INFORMATION_FORMAT = "dwarf-with-dsym";
				ENABLE_NS_ASSERTIONS = NO;
				ENABLE_STRICT_OBJC_MSGSEND = YES;
				GCC_C_LANGUAGE_STANDARD = gnu11;
				GCC_NO_COMMON_BLOCKS = YES;
				GCC_WARN_64_TO_32_BIT_CONVERSION = YES;
				GCC_WARN_ABOUT_RETURN_TYPE = YES_ERROR;
				GCC_WARN_UNDECLARED_SELECTOR = YES;
				GCC_WARN_UNINITIALIZED_AUTOS = YES_AGGRESSIVE;
				GCC_WARN_UNUSED_FUNCTION = YES;
				GCC_WARN_UNUSED_VARIABLE = YES;
				IPHONEOS_DEPLOYMENT_TARGET = 16.2;
				MTL_ENABLE_DEBUG_INFO = NO;
				MTL_FAST_MATH = YES;
				ONLY_ACTIVE_ARCH = YES;
				SDKROOT = iphoneos;
				SWIFT_COMPILATION_MODE = wholemodule;
				SWIFT_OPTIMIZATION_LEVEL = "-O";
				VALIDATE_PRODUCT = YES;
			};
			name = Release;
		};
		1615E84A2A66BA3A008C2BE1 /* Debug */ = {
			isa = XCBuildConfiguration;
			buildSettings = {
				ASSETCATALOG_COMPILER_APPICON_NAME = AppIcon;
				ASSETCATALOG_COMPILER_GLOBAL_ACCENT_COLOR_NAME = AccentColor;
				CODE_SIGN_STYLE = Automatic;
				CURRENT_PROJECT_VERSION = 1;
				DEVELOPMENT_ASSET_PATHS = "\"SirenClient/Preview Content\"";
				DEVELOPMENT_TEAM = Z8462686JF;
				ENABLE_PREVIEWS = YES;
				GENERATE_INFOPLIST_FILE = YES;
				INFOPLIST_KEY_NSMicrophoneUsageDescription = "Please Allow Access";
				INFOPLIST_KEY_UIApplicationSceneManifest_Generation = YES;
				INFOPLIST_KEY_UIApplicationSupportsIndirectInputEvents = YES;
				INFOPLIST_KEY_UILaunchScreen_Generation = YES;
				INFOPLIST_KEY_UISupportedInterfaceOrientations = UIInterfaceOrientationPortrait;
				INFOPLIST_KEY_UISupportedInterfaceOrientations_iPad = "UIInterfaceOrientationLandscapeLeft UIInterfaceOrientationLandscapeRight UIInterfaceOrientationPortrait UIInterfaceOrientationPortraitUpsideDown";
				IPHONEOS_DEPLOYMENT_TARGET = 15.0;
				LD_RUNPATH_SEARCH_PATHS = (
					"$(inherited)",
					"@executable_path/Frameworks",
				);
				MARKETING_VERSION = 1.0;
				PRODUCT_BUNDLE_IDENTIFIER = com.egkudelya.SirenClient;
				PRODUCT_NAME = "$(TARGET_NAME)";
				SUPPORTED_PLATFORMS = "iphoneos iphonesimulator";
				SUPPORTS_MACCATALYST = NO;
				SUPPORTS_MAC_DESIGNED_FOR_IPHONE_IPAD = NO;
				SWIFT_EMIT_LOC_STRINGS = YES;
				SWIFT_VERSION = 5.0;
				TARGETED_DEVICE_FAMILY = 1;
			};
			name = Debug;
		};
		1615E84B2A66BA3A008C2BE1 /* Release */ = {
			isa = XCBuildConfiguration;
			buildSettings = {
				ASSETCATALOG_COMPILER_APPICON_NAME = AppIcon;
				ASSETCATALOG_COMPILER_GLOBAL_ACCENT_COLOR_NAME = AccentColor;
				CODE_SIGN_STYLE = Automatic;
				CURRENT_PROJECT_VERSION = 1;
				DEVELOPMENT_ASSET_PATHS = "\"SirenClient/Preview Content\"";
				DEVELOPMENT_TEAM = Z8462686JF;
				ENABLE_PREVIEWS = YES;
				GENERATE_INFOPLIST_FILE = YES;
				INFOPLIST_KEY_NSMicrophoneUsageDescription = "Please Allow Access";
				INFOPLIST_KEY_UIApplicationSceneManifest_Generation = YES;
				INFOPLIST_KEY_UIApplicationSupportsIndirectInputEvents = YES;
				INFOPLIST_KEY_UILaunchScreen_Generation = YES;
				INFOPLIST_KEY_UISupportedInterfaceOrientations = UIInterfaceOrientationPortrait;
				INFOPLIST_KEY_UISupportedInterfaceOrientations_iPad = "UIInterfaceOrientationLandscapeLeft UIInterfaceOrientationLandscapeRight UIInterfaceOrientationPortrait UIInterfaceOrientationPortraitUpsideDown";
				IPHONEOS_DEPLOYMENT_TARGET = 15.0;
				LD_RUNPATH_SEARCH_PATHS = (
					"$(inherited)",
					"@executable_path/Frameworks",
				);
				MARKETING_VERSION = 1.0;
				PRODUCT_BUNDLE_IDENTIFIER = com.egkudelya.SirenClient;
				PRODUCT_NAME = "$(TARGET_NAME)";
				SUPPORTED_PLATFORMS = "iphoneos iphonesimulator";
				SUPPORTS_MACCATALYST = NO;
				SUPPORTS_MAC_DESIGNED_FOR_IPHONE_IPAD = NO;
				SWIFT_EMIT_LOC_STRINGS = YES;
				SWIFT_VERSION = 5.0;
				TARGETED_DEVICE_FAMILY = 1;
			};
			name = Release;
		};
		1615E84D2A66BA3A008C2BE1 /* Debug */ = {
			isa = XCBuildConfiguration;
			buildSettings = {
				ALWAYS_EMBED_SWIFT_STANDARD_LIBRARIES = YES;
				BUNDLE_LOADER = "$(TEST_HOST)";
				CODE_SIGN_STYLE = Automatic;
				CURRENT_PROJECT_VERSION = 1;
				DEVELOPMENT_TEAM = Z8462686JF;
				GENERATE_INFOPLIST_FILE = YES;
				IPHONEOS_DEPLOYMENT_TARGET = 16.2;
				MARKETING_VERSION = 1.0;
				PRODUCT_BUNDLE_IDENTIFIER = com.egkudelya.SirenClientTests;
				PRODUCT_NAME = "$(TARGET_NAME)";
				SWIFT_EMIT_LOC_STRINGS = NO;
				SWIFT_VERSION = 5.0;
				TARGETED_DEVICE_FAMILY = "1,2";
				TEST_HOST = "$(BUILT_PRODUCTS_DIR)/SirenClient.app/$(BUNDLE_EXECUTABLE_FOLDER_PATH)/SirenClient";
			};
			name = Debug;
		};
		1615E84E2A66BA3A008C2BE1 /* Release */ = {
			isa = XCBuildConfiguration;
			buildSettings = {
				ALWAYS_EMBED_SWIFT_STANDARD_LIBRARIES = YES;
				BUNDLE_LOADER = "$(TEST_HOST)";
				CODE_SIGN_STYLE = Automatic;
				CURRENT_PROJECT_VERSION = 1;
				DEVELOPMENT_TEAM = Z8462686JF;
				GENERATE_INFOPLIST_FILE = YES;
				IPHONEOS_DEPLOYMENT_TARGET = 16.2;
				MARKETING_VERSION = 1.0;
				PRODUCT_BUNDLE_IDENTIFIER = com.egkudelya.SirenClientTests;
				PRODUCT_NAME = "$(TARGET_NAME)";
				SWIFT_EMIT_LOC_STRINGS = NO;
				SWIFT_VERSION = 5.0;
				TARGETED_DEVICE_FAMILY = "1,2";
				TEST_HOST = "$(BUILT_PRODUCTS_DIR)/SirenClient.app/$(BUNDLE_EXECUTABLE_FOLDER_PATH)/SirenClient";
			};
			name = Release;
		};
		1615E8502A66BA3A008C2BE1 /* Debug */ = {
			isa = XCBuildConfiguration;
			buildSettings = {
				ALWAYS_EMBED_SWIFT_STANDARD_LIBRARIES = YES;
				CODE_SIGN_STYLE = Automatic;
				CURRENT_PROJECT_VERSION = 1;
				DEVELOPMENT_TEAM = Z8462686JF;
				GENERATE_INFOPLIST_FILE = YES;
				MARKETING_VERSION = 1.0;
				PRODUCT_BUNDLE_IDENTIFIER = com.egkudelya.SirenClientUITests;
				PRODUCT_NAME = "$(TARGET_NAME)";
				SWIFT_EMIT_LOC_STRINGS = NO;
				SWIFT_VERSION = 5.0;
				TARGETED_DEVICE_FAMILY = "1,2";
				TEST_TARGET_NAME = SirenClient;
			};
			name = Debug;
		};
		1615E8512A66BA3A008C2BE1 /* Release */ = {
			isa = XCBuildConfiguration;
			buildSettings = {
				ALWAYS_EMBED_SWIFT_STANDARD_LIBRARIES = YES;
				CODE_SIGN_STYLE = Automatic;
				CURRENT_PROJECT_VERSION = 1;
				DEVELOPMENT_TEAM = Z8462686JF;
				GENERATE_INFOPLIST_FILE = YES;
				MARKETING_VERSION = 1.0;
				PRODUCT_BUNDLE_IDENTIFIER = com.egkudelya.SirenClientUITests;
				PRODUCT_NAME = "$(TARGET_NAME)";
				SWIFT_EMIT_LOC_STRINGS = NO;
				SWIFT_VERSION = 5.0;
				TARGETED_DEVICE_FAMILY = "1,2";
				TEST_TARGET_NAME = SirenClient;
			};
			name = Release;
		};
/* End XCBuildConfiguration section */

/* Begin XCConfigurationList section */
		1615E8202A66BA39008C2BE1 /* Build configuration list for PBXProject "SirenClient" */ = {
			isa = XCConfigurationList;
			buildConfigurations = (
				1615E8472A66BA3A008C2BE1 /* Debug */,
				1615E8482A66BA3A008C2BE1 /* Release */,
			);
			defaultConfigurationIsVisible = 0;
			defaultConfigurationName = Release;
		};
		1615E8492A66BA3A008C2BE1 /* Build configuration list for PBXNativeTarget "SirenClient" */ = {
			isa = XCConfigurationList;
			buildConfigurations = (
				1615E84A2A66BA3A008C2BE1 /* Debug */,
				1615E84B2A66BA3A008C2BE1 /* Release */,
			);
			defaultConfigurationIsVisible = 0;
			defaultConfigurationName = Release;
		};
		1615E84C2A66BA3A008C2BE1 /* Build configuration list for PBXNativeTarget "SirenClientTests" */ = {
			isa = XCConfigurationList;
			buildConfigurations = (
				1615E84D2A66BA3A008C2BE1 /* Debug */,
				1615E84E2A66BA3A008C2BE1 /* Release */,
			);
			defaultConfigurationIsVisible = 0;
			defaultConfigurationName = Release;
		};
		1615E84F2A66BA3A008C2BE1 /* Build configuration list for PBXNativeTarget "SirenClientUITests" */ = {
			isa = XCConfigurationList;
			buildConfigurations = (
				1615E8502A66BA3A008C2BE1 /* Debug */,
				1615E8512A66BA3A008C2BE1 /* Release */,
			);
			defaultConfigurationIsVisible = 0;
			defaultConfigurationName = Release;
		};
/* End XCConfigurationList section */

/* Begin XCRemoteSwiftPackageReference section */
		168706712A6AF38F00E39E71 /* XCRemoteSwiftPackageReference "siren_package" */ = {
			isa = XCRemoteSwiftPackageReference;
			repositoryURL = "https://github.com/egorkudelya/siren_package.git";
			requirement = {
				branch = main;
				kind = branch;
			};
		};
/* End XCRemoteSwiftPackageReference section */

/* Begin XCSwiftPackageProductDependency section */
		168706722A6AF38F00E39E71 /* siren_package */ = {
			isa = XCSwiftPackageProductDependency;
			package = 168706712A6AF38F00E39E71 /* XCRemoteSwiftPackageReference "siren_package" */;
			productName = siren_package;
		};
/* End XCSwiftPackageProductDependency section */
	};
	rootObject = 1615E81D2A66BA39008C2BE1 /* Project object */;
}
